// !$*UTF8*$!
{
	archiveVersion = 1;
	classes = {
	};
	objectVersion = 46;
	objects = {

/* Begin PBXBuildFile section */
		54524C761BF88AF800CA72BF /* main.m in Sources */ = {isa = PBXBuildFile; fileRef = 54524C751BF88AF800CA72BF /* main.m */; };
		54524C791BF88AF800CA72BF /* AppDelegate.m in Sources */ = {isa = PBXBuildFile; fileRef = 54524C781BF88AF800CA72BF /* AppDelegate.m */; };
		54524C7F1BF88AF800CA72BF /* Main.storyboard in Resources */ = {isa = PBXBuildFile; fileRef = 54524C7D1BF88AF800CA72BF /* Main.storyboard */; };
		54524C811BF88AF800CA72BF /* Assets.xcassets in Resources */ = {isa = PBXBuildFile; fileRef = 54524C801BF88AF800CA72BF /* Assets.xcassets */; };
		54524C841BF88AF800CA72BF /* LaunchScreen.storyboard in Resources */ = {isa = PBXBuildFile; fileRef = 54524C821BF88AF800CA72BF /* LaunchScreen.storyboard */; };
		54524C9E1BF88B4700CA72BF /* LJLoginController.m in Sources */ = {isa = PBXBuildFile; fileRef = 54524C941BF88B4700CA72BF /* LJLoginController.m */; };
		54524C9F1BF88B4700CA72BF /* LJLoginController.xib in Resources */ = {isa = PBXBuildFile; fileRef = 54524C951BF88B4700CA72BF /* LJLoginController.xib */; };
		54524CA51BF88BA300CA72BF /* UINavigationController+AOP.m in Sources */ = {isa = PBXBuildFile; fileRef = 54524CA41BF88BA300CA72BF /* UINavigationController+AOP.m */; };
		54524CA81BF88BAE00CA72BF /* NSObject+AOP.m in Sources */ = {isa = PBXBuildFile; fileRef = 54524CA71BF88BAE00CA72BF /* NSObject+AOP.m */; };
		54524CB81BF88DC400CA72BF /* LJFootController.m in Sources */ = {isa = PBXBuildFile; fileRef = 54524CAB1BF88DC400CA72BF /* LJFootController.m */; };
		54524CB91BF88DC400CA72BF /* LJFpptDetailController.m in Sources */ = {isa = PBXBuildFile; fileRef = 54524CAD1BF88DC400CA72BF /* LJFpptDetailController.m */; };
		54524CBA1BF88DC400CA72BF /* LJHomeController.m in Sources */ = {isa = PBXBuildFile; fileRef = 54524CAF1BF88DC400CA72BF /* LJHomeController.m */; };
		54524CBB1BF88DC400CA72BF /* LJHomeDetailController.m in Sources */ = {isa = PBXBuildFile; fileRef = 54524CB11BF88DC400CA72BF /* LJHomeDetailController.m */; };
		54524CBC1BF88DC400CA72BF /* LJMineController.m in Sources */ = {isa = PBXBuildFile; fileRef = 54524CB31BF88DC400CA72BF /* LJMineController.m */; };
		54524CBD1BF88DC400CA72BF /* LJMineDetailController.m in Sources */ = {isa = PBXBuildFile; fileRef = 54524CB51BF88DC400CA72BF /* LJMineDetailController.m */; };
		54524CBE1BF88DC400CA72BF /* ViewController.m in Sources */ = {isa = PBXBuildFile; fileRef = 54524CB71BF88DC400CA72BF /* ViewController.m */; };
/* End PBXBuildFile section */

/* Begin PBXFileReference section */
		54524C711BF88AF800CA72BF /* LJLoginDemo.app */ = {isa = PBXFileReference; explicitFileType = wrapper.application; includeInIndex = 0; path = LJLoginDemo.app; sourceTree = BUILT_PRODUCTS_DIR; };
		54524C751BF88AF800CA72BF /* main.m */ = {isa = PBXFileReference; lastKnownFileType = sourcecode.c.objc; path = main.m; sourceTree = "<group>"; };
		54524C771BF88AF800CA72BF /* AppDelegate.h */ = {isa = PBXFileReference; lastKnownFileType = sourcecode.c.h; path = AppDelegate.h; sourceTree = "<group>"; };
		54524C781BF88AF800CA72BF /* AppDelegate.m */ = {isa = PBXFileReference; lastKnownFileType = sourcecode.c.objc; path = AppDelegate.m; sourceTree = "<group>"; };
		54524C7E1BF88AF800CA72BF /* Base */ = {isa = PBXFileReference; lastKnownFileType = file.storyboard; name = Base; path = Base.lproj/Main.storyboard; sourceTree = "<group>"; };
		54524C801BF88AF800CA72BF /* Assets.xcassets */ = {isa = PBXFileReference; lastKnownFileType = folder.assetcatalog; path = Assets.xcassets; sourceTree = "<group>"; };
		54524C831BF88AF800CA72BF /* Base */ = {isa = PBXFileReference; lastKnownFileType = file.storyboard; name = Base; path = Base.lproj/LaunchScreen.storyboard; sourceTree = "<group>"; };
		54524C851BF88AF800CA72BF /* Info.plist */ = {isa = PBXFileReference; lastKnownFileType = text.plist.xml; path = Info.plist; sourceTree = "<group>"; };
		54524C931BF88B4700CA72BF /* LJLoginController.h */ = {isa = PBXFileReference; fileEncoding = 4; lastKnownFileType = sourcecode.c.h; path = LJLoginController.h; sourceTree = "<group>"; };
		54524C941BF88B4700CA72BF /* LJLoginController.m */ = {isa = PBXFileReference; fileEncoding = 4; lastKnownFileType = sourcecode.c.objc; path = LJLoginController.m; sourceTree = "<group>"; };
		54524C951BF88B4700CA72BF /* LJLoginController.xib */ = {isa = PBXFileReference; fileEncoding = 4; lastKnownFileType = file.xib; path = LJLoginController.xib; sourceTree = "<group>"; };
		54524CA31BF88BA300CA72BF /* UINavigationController+AOP.h */ = {isa = PBXFileReference; fileEncoding = 4; lastKnownFileType = sourcecode.c.h; path = "UINavigationController+AOP.h"; sourceTree = "<group>"; };
		54524CA41BF88BA300CA72BF /* UINavigationController+AOP.m */ = {isa = PBXFileReference; fileEncoding = 4; lastKnownFileType = sourcecode.c.objc; path = "UINavigationController+AOP.m"; sourceTree = "<group>"; };
		54524CA61BF88BAE00CA72BF /* NSObject+AOP.h */ = {isa = PBXFileReference; fileEncoding = 4; lastKnownFileType = sourcecode.c.h; path = "NSObject+AOP.h"; sourceTree = "<group>"; };
		54524CA71BF88BAE00CA72BF /* NSObject+AOP.m */ = {isa = PBXFileReference; fileEncoding = 4; lastKnownFileType = sourcecode.c.objc; path = "NSObject+AOP.m"; sourceTree = "<group>"; };
		54524CAA1BF88DC400CA72BF /* LJFootController.h */ = {isa = PBXFileReference; fileEncoding = 4; lastKnownFileType = sourcecode.c.h; path = LJFootController.h; sourceTree = "<group>"; };
		54524CAB1BF88DC400CA72BF /* LJFootController.m */ = {isa = PBXFileReference; fileEncoding = 4; lastKnownFileType = sourcecode.c.objc; path = LJFootController.m; sourceTree = "<group>"; };
		54524CAC1BF88DC400CA72BF /* LJFpptDetailController.h */ = {isa = PBXFileReference; fileEncoding = 4; lastKnownFileType = sourcecode.c.h; path = LJFpptDetailController.h; sourceTree = "<group>"; };
		54524CAD1BF88DC400CA72BF /* LJFpptDetailController.m */ = {isa = PBXFileReference; fileEncoding = 4; lastKnownFileType = sourcecode.c.objc; path = LJFpptDetailController.m; sourceTree = "<group>"; };
		54524CAE1BF88DC400CA72BF /* LJHomeController.h */ = {isa = PBXFileReference; fileEncoding = 4; lastKnownFileType = sourcecode.c.h; path = LJHomeController.h; sourceTree = "<group>"; };
		54524CAF1BF88DC400CA72BF /* LJHomeController.m */ = {isa = PBXFileReference; fileEncoding = 4; lastKnownFileType = sourcecode.c.objc; path = LJHomeController.m; sourceTree = "<group>"; };
		54524CB01BF88DC400CA72BF /* LJHomeDetailController.h */ = {isa = PBXFileReference; fileEncoding = 4; lastKnownFileType = sourcecode.c.h; path = LJHomeDetailController.h; sourceTree = "<group>"; };
		54524CB11BF88DC400CA72BF /* LJHomeDetailController.m */ = {isa = PBXFileReference; fileEncoding = 4; lastKnownFileType = sourcecode.c.objc; path = LJHomeDetailController.m; sourceTree = "<group>"; };
		54524CB21BF88DC400CA72BF /* LJMineController.h */ = {isa = PBXFileReference; fileEncoding = 4; lastKnownFileType = sourcecode.c.h; path = LJMineController.h; sourceTree = "<group>"; };
		54524CB31BF88DC400CA72BF /* LJMineController.m */ = {isa = PBXFileReference; fileEncoding = 4; lastKnownFileType = sourcecode.c.objc; path = LJMineController.m; sourceTree = "<group>"; };
		54524CB41BF88DC400CA72BF /* LJMineDetailController.h */ = {isa = PBXFileReference; fileEncoding = 4; lastKnownFileType = sourcecode.c.h; path = LJMineDetailController.h; sourceTree = "<group>"; };
		54524CB51BF88DC400CA72BF /* LJMineDetailController.m */ = {isa = PBXFileReference; fileEncoding = 4; lastKnownFileType = sourcecode.c.objc; path = LJMineDetailController.m; sourceTree = "<group>"; };
		54524CB61BF88DC400CA72BF /* ViewController.h */ = {isa = PBXFileReference; fileEncoding = 4; lastKnownFileType = sourcecode.c.h; path = ViewController.h; sourceTree = "<group>"; };
		54524CB71BF88DC400CA72BF /* ViewController.m */ = {isa = PBXFileReference; fileEncoding = 4; lastKnownFileType = sourcecode.c.objc; path = ViewController.m; sourceTree = "<group>"; };
/* End PBXFileReference section */

/* Begin PBXFrameworksBuildPhase section */
		54524C6E1BF88AF800CA72BF /* Frameworks */ = {
			isa = PBXFrameworksBuildPhase;
			buildActionMask = 2147483647;
			files = (
			);
			runOnlyForDeploymentPostprocessing = 0;
		};
/* End PBXFrameworksBuildPhase section */

/* Begin PBXGroup section */
		54524C681BF88AF800CA72BF = {
			isa = PBXGroup;
			children = (
				54524CA21BF88B9100CA72BF /* LJLogin_AOP */,
				54524C731BF88AF800CA72BF /* LJLoginDemo */,
				54524C721BF88AF800CA72BF /* Products */,
			);
			sourceTree = "<group>";
		};
		54524C721BF88AF800CA72BF /* Products */ = {
			isa = PBXGroup;
			children = (
				54524C711BF88AF800CA72BF /* LJLoginDemo.app */,
			);
			name = Products;
			sourceTree = "<group>";
		};
		54524C731BF88AF800CA72BF /* LJLoginDemo */ = {
			isa = PBXGroup;
			children = (
				54524CA91BF88DC400CA72BF /* ViewControllers */,
				54524C931BF88B4700CA72BF /* LJLoginController.h */,
				54524C941BF88B4700CA72BF /* LJLoginController.m */,
				54524C951BF88B4700CA72BF /* LJLoginController.xib */,
				54524C771BF88AF800CA72BF /* AppDelegate.h */,
				54524C781BF88AF800CA72BF /* AppDelegate.m */,
				54524C7D1BF88AF800CA72BF /* Main.storyboard */,
				54524C801BF88AF800CA72BF /* Assets.xcassets */,
				54524C821BF88AF800CA72BF /* LaunchScreen.storyboard */,
				54524C851BF88AF800CA72BF /* Info.plist */,
				54524C741BF88AF800CA72BF /* Supporting Files */,
			);
			path = LJLoginDemo;
			sourceTree = "<group>";
		};
		54524C741BF88AF800CA72BF /* Supporting Files */ = {
			isa = PBXGroup;
			children = (
				54524C751BF88AF800CA72BF /* main.m */,
			);
			name = "Supporting Files";
			sourceTree = "<group>";
		};
		54524CA21BF88B9100CA72BF /* LJLogin_AOP */ = {
			isa = PBXGroup;
			children = (
				54524CA61BF88BAE00CA72BF /* NSObject+AOP.h */,
				54524CA71BF88BAE00CA72BF /* NSObject+AOP.m */,
				54524CA31BF88BA300CA72BF /* UINavigationController+AOP.h */,
				54524CA41BF88BA300CA72BF /* UINavigationController+AOP.m */,
			);
			path = LJLogin_AOP;
			sourceTree = "<group>";
		};
		54524CA91BF88DC400CA72BF /* ViewControllers */ = {
			isa = PBXGroup;
			children = (
				54524CAA1BF88DC400CA72BF /* LJFootController.h */,
				54524CAB1BF88DC400CA72BF /* LJFootController.m */,
				54524CAC1BF88DC400CA72BF /* LJFpptDetailController.h */,
				54524CAD1BF88DC400CA72BF /* LJFpptDetailController.m */,
				54524CAE1BF88DC400CA72BF /* LJHomeController.h */,
				54524CAF1BF88DC400CA72BF /* LJHomeController.m */,
				54524CB01BF88DC400CA72BF /* LJHomeDetailController.h */,
				54524CB11BF88DC400CA72BF /* LJHomeDetailController.m */,
				54524CB21BF88DC400CA72BF /* LJMineController.h */,
				54524CB31BF88DC400CA72BF /* LJMineController.m */,
				54524CB41BF88DC400CA72BF /* LJMineDetailController.h */,
				54524CB51BF88DC400CA72BF /* LJMineDetailController.m */,
				54524CB61BF88DC400CA72BF /* ViewController.h */,
				54524CB71BF88DC400CA72BF /* ViewController.m */,
			);
			path = ViewControllers;
			sourceTree = "<group>";
		};
/* End PBXGroup section */

/* Begin PBXNativeTarget section */
		54524C701BF88AF800CA72BF /* LJLoginDemo */ = {
			isa = PBXNativeTarget;
			buildConfigurationList = 54524C881BF88AF800CA72BF /* Build configuration list for PBXNativeTarget "LJLoginDemo" */;
			buildPhases = (
				54524C6D1BF88AF800CA72BF /* Sources */,
				54524C6E1BF88AF800CA72BF /* Frameworks */,
				54524C6F1BF88AF800CA72BF /* Resources */,
			);
			buildRules = (
			);
			dependencies = (
			);
			name = LJLoginDemo;
			productName = LJLoginDemo;
			productReference = 54524C711BF88AF800CA72BF /* LJLoginDemo.app */;
			productType = "com.apple.product-type.application";
		};
/* End PBXNativeTarget section */

/* Begin PBXProject section */
		54524C691BF88AF800CA72BF /* Project object */ = {
			isa = PBXProject;
			attributes = {
				LastUpgradeCheck = 0710;
				ORGANIZATIONNAME = Caolongjian;
				TargetAttributes = {
					54524C701BF88AF800CA72BF = {
						CreatedOnToolsVersion = 7.1;
						DevelopmentTeam = ZBWWL8GHTY;
					};
				};
			};
			buildConfigurationList = 54524C6C1BF88AF800CA72BF /* Build configuration list for PBXProject "LJLoginDemo" */;
			compatibilityVersion = "Xcode 3.2";
			developmentRegion = English;
			hasScannedForEncodings = 0;
			knownRegions = (
				en,
				Base,
			);
			mainGroup = 54524C681BF88AF800CA72BF;
			productRefGroup = 54524C721BF88AF800CA72BF /* Products */;
			projectDirPath = "";
			projectRoot = "";
			targets = (
				54524C701BF88AF800CA72BF /* LJLoginDemo */,
			);
		};
/* End PBXProject section */

/* Begin PBXResourcesBuildPhase section */
		54524C6F1BF88AF800CA72BF /* Resources */ = {
			isa = PBXResourcesBuildPhase;
			buildActionMask = 2147483647;
			files = (
				54524C841BF88AF800CA72BF /* LaunchScreen.storyboard in Resources */,
				54524C9F1BF88B4700CA72BF /* LJLoginController.xib in Resources */,
				54524C811BF88AF800CA72BF /* Assets.xcassets in Resources */,
				54524C7F1BF88AF800CA72BF /* Main.storyboard in Resources */,
			);
			runOnlyForDeploymentPostprocessing = 0;
		};
/* End PBXResourcesBuildPhase section */

/* Begin PBXSourcesBuildPhase section */
		54524C6D1BF88AF800CA72BF /* Sources */ = {
			isa = PBXSourcesBuildPhase;
			buildActionMask = 2147483647;
			files = (
				54524CBA1BF88DC400CA72BF /* LJHomeController.m in Sources */,
				54524C9E1BF88B4700CA72BF /* LJLoginController.m in Sources */,
				54524CBC1BF88DC400CA72BF /* LJMineController.m in Sources */,
				54524CB81BF88DC400CA72BF /* LJFootController.m in Sources */,
				54524CB91BF88DC400CA72BF /* LJFpptDetailController.m in Sources */,
				54524CA81BF88BAE00CA72BF /* NSObject+AOP.m in Sources */,
				54524CBE1BF88DC400CA72BF /* ViewController.m in Sources */,
				54524CA51BF88BA300CA72BF /* UINavigationController+AOP.m in Sources */,
				54524C791BF88AF800CA72BF /* AppDelegate.m in Sources */,
				54524C761BF88AF800CA72BF /* main.m in Sources */,
				54524CBB1BF88DC400CA72BF /* LJHomeDetailController.m in Sources */,
				54524CBD1BF88DC400CA72BF /* LJMineDetailController.m in Sources */,
			);
			runOnlyForDeploymentPostprocessing = 0;
		};
/* End PBXSourcesBuildPhase section */

/* Begin PBXVariantGroup section */
		54524C7D1BF88AF800CA72BF /* Main.storyboard */ = {
			isa = PBXVariantGroup;
			children = (
				54524C7E1BF88AF800CA72BF /* Base */,
			);
			name = Main.storyboard;
			sourceTree = "<group>";
		};
		54524C821BF88AF800CA72BF /* LaunchScreen.storyboard */ = {
			isa = PBXVariantGroup;
			children = (
				54524C831BF88AF800CA72BF /* Base */,
			);
			name = LaunchScreen.storyboard;
			sourceTree = "<group>";
		};
/* End PBXVariantGroup section */

/* Begin XCBuildConfiguration section */
		54524C861BF88AF800CA72BF /* Debug */ = {
			isa = XCBuildConfiguration;
			buildSettings = {
				ALWAYS_SEARCH_USER_PATHS = NO;
				CLANG_CXX_LANGUAGE_STANDARD = "gnu++0x";
				CLANG_CXX_LIBRARY = "libc++";
				CLANG_ENABLE_MODULES = YES;
				CLANG_ENABLE_OBJC_ARC = YES;
				CLANG_WARN_BOOL_CONVERSION = YES;
				CLANG_WARN_CONSTANT_CONVERSION = YES;
				CLANG_WARN_DIRECT_OBJC_ISA_USAGE = YES_ERROR;
				CLANG_WARN_EMPTY_BODY = YES;
				CLANG_WARN_ENUM_CONVERSION = YES;
				CLANG_WARN_INT_CONVERSION = YES;
				CLANG_WARN_OBJC_ROOT_CLASS = YES_ERROR;
				CLANG_WARN_UNREACHABLE_CODE = YES;
				CLANG_WARN__DUPLICATE_METHOD_MATCH = YES;
				"CODE_SIGN_IDENTITY[sdk=iphoneos*]" = "iPhone Developer";
				COPY_PHASE_STRIP = NO;
				DEBUG_INFORMATION_FORMAT = dwarf;
				ENABLE_STRICT_OBJC_MSGSEND = YES;
				ENABLE_TESTABILITY = YES;
				GCC_C_LANGUAGE_STANDARD = gnu99;
				GCC_DYNAMIC_NO_PIC = NO;
				GCC_NO_COMMON_BLOCKS = YES;
				GCC_OPTIMIZATION_LEVEL = 0;
				GCC_PREPROCESSOR_DEFINITIONS = (
					"DEBUG=1",
					"$(inherited)",
				);
				GCC_WARN_64_TO_32_BIT_CONVERSION = YES;
				GCC_WARN_ABOUT_RETURN_TYPE = YES_ERROR;
				GCC_WARN_UNDECLARED_SELECTOR = YES;
				GCC_WARN_UNINITIALIZED_AUTOS = YES_AGGRESSIVE;
				GCC_WARN_UNUSED_FUNCTION = YES;
				GCC_WARN_UNUSED_VARIABLE = YES;
				IPHONEOS_DEPLOYMENT_TARGET = 9.1;
				MTL_ENABLE_DEBUG_INFO = YES;
				ONLY_ACTIVE_ARCH = YES;
				SDKROOT = iphoneos;
			};
			name = Debug;
		};
		54524C871BF88AF800CA72BF /* Release */ = {
			isa = XCBuildConfiguration;
			buildSettings = {
				ALWAYS_SEARCH_USER_PATHS = NO;
				CLANG_CXX_LANGUAGE_STANDARD = "gnu++0x";
				CLANG_CXX_LIBRARY = "libc++";
				CLANG_ENABLE_MODULES = YES;
				CLANG_ENABLE_OBJC_ARC = YES;
				CLANG_WARN_BOOL_CONVERSION = YES;
				CLANG_WARN_CONSTANT_CONVERSION = YES;
				CLANG_WARN_DIRECT_OBJC_ISA_USAGE = YES_ERROR;
				CLANG_WARN_EMPTY_BODY = YES;
				CLANG_WARN_ENUM_CONVERSION = YES;
				CLANG_WARN_INT_CONVERSION = YES;
				CLANG_WARN_OBJC_ROOT_CLASS = YES_ERROR;
				CLANG_WARN_UNREACHABLE_CODE = YES;
				CLANG_WARN__DUPLICATE_METHOD_MATCH = YES;
				"CODE_SIGN_IDENTITY[sdk=iphoneos*]" = "iPhone Developer";
				COPY_PHASE_STRIP = NO;
				DEBUG_INFORMATION_FORMAT = "dwarf-with-dsym";
				ENABLE_NS_ASSERTIONS = NO;
				ENABLE_STRICT_OBJC_MSGSEND = YES;
				GCC_C_LANGUAGE_STANDARD = gnu99;
				GCC_NO_COMMON_BLOCKS = YES;
				GCC_WARN_64_TO_32_BIT_CONVERSION = YES;
				GCC_WARN_ABOUT_RETURN_TYPE = YES_ERROR;
				GCC_WARN_UNDECLARED_SELECTOR = YES;
				GCC_WARN_UNINITIALIZED_AUTOS = YES_AGGRESSIVE;
				GCC_WARN_UNUSED_FUNCTION = YES;
				GCC_WARN_UNUSED_VARIABLE = YES;
				IPHONEOS_DEPLOYMENT_TARGET = 9.1;
				MTL_ENABLE_DEBUG_INFO = NO;
				SDKROOT = iphoneos;
				VALIDATE_PRODUCT = YES;
			};
			name = Release;
		};
		54524C891BF88AF800CA72BF /* Debug */ = {
			isa = XCBuildConfiguration;
			buildSettings = {
				ASSETCATALOG_COMPILER_APPICON_NAME = AppIcon;
				INFOPLIST_FILE = LJLoginDemo/Info.plist;
				LD_RUNPATH_SEARCH_PATHS = "$(inherited) @executable_path/Frameworks";
				PRODUCT_BUNDLE_IDENTIFIER = com.Caolongs.LJLoginDemo;
				PRODUCT_NAME = "$(TARGET_NAME)";
			};
			name = Debug;
		};
		54524C8A1BF88AF800CA72BF /* Release */ = {
			isa = XCBuildConfiguration;
			buildSettings = {
				ASSETCATALOG_COMPILER_APPICON_NAME = AppIcon;
				INFOPLIST_FILE = LJLoginDemo/Info.plist;
				LD_RUNPATH_SEARCH_PATHS = "$(inherited) @executable_path/Frameworks";
				PRODUCT_BUNDLE_IDENTIFIER = com.Caolongs.LJLoginDemo;
				PRODUCT_NAME = "$(TARGET_NAME)";
			};
			name = Release;
		};
/* End XCBuildConfiguration section */

/* Begin XCConfigurationList section */
		54524C6C1BF88AF800CA72BF /* Build configuration list for PBXProject "LJLoginDemo" */ = {
			isa = XCConfigurationList;
			buildConfigurations = (
				54524C861BF88AF800CA72BF /* Debug */,
				54524C871BF88AF800CA72BF /* Release */,
			);
			defaultConfigurationIsVisible = 0;
			defaultConfigurationName = Release;
		};
		54524C881BF88AF800CA72BF /* Build configuration list for PBXNativeTarget "LJLoginDemo" */ = {
			isa = XCConfigurationList;
			buildConfigurations = (
				54524C891BF88AF800CA72BF /* Debug */,
				54524C8A1BF88AF800CA72BF /* Release */,
			);
			defaultConfigurationIsVisible = 0;
		};
/* End XCConfigurationList section */
	};
	rootObject = 54524C691BF88AF800CA72BF /* Project object */;
}
